<Solution>
  <Project Path="Assembly-CSharp.csproj" />
  <Project Path="VanguardArena.Domain.csproj" />
  <Project Path="VanguardArena.Presentation.csproj" />
  <Project Path="VanguardArena.Tests.Utils.csproj" />
  <Project Path="VanguardArena.Tests.EditMode.csproj" />
  <Project Path="Assembly-CSharp-Editor.csproj" />
</Solution>
